
Microsoft Visual Studio Solution File, Format Version 12.00
# Visual Studio Version 16
VisualStudioVersion = 16.0.29318.209
MinimumVisualStudioVersion = 10.0.40219.1
Project("{888888A0-9F3D-457C-B088-3A5042F75D52}") = "Laminant", "Laminant.pyproj", "{2C52E9A8-01C0-453D-AA8A-5FDFCE409ED7}"
EndProject
Global
	GlobalSection(SolutionConfigurationPlatforms) = preSolution
		Debug|Any CPU = Debug|Any CPU
		Release|Any CPU = Release|Any CPU
	EndGlobalSection
	GlobalSection(ProjectConfigurationPlatforms) = postSolution
		{2C52E9A8-01C0-453D-AA8A-5FDFCE409ED7}.Debug|Any CPU.ActiveCfg = Debug|Any CPU
		{2C52E9A8-01C0-453D-AA8A-5FDFCE409ED7}.Release|Any CPU.ActiveCfg = Release|Any CPU
	EndGlobalSection
	GlobalSection(SolutionProperties) = preSolution
		HideSolutionNode = FALSE
	EndGlobalSection
	GlobalSection(ExtensibilityGlobals) = postSolution
		SolutionGuid = {657BF408-431E-4937-BB1F-8AF312615E5B}
	EndGlobalSection
EndGlobal
